{
  "originHash" : "c8605734f57735de24312b955d115930cc32b6ddc73264efe4d7aa3798848290",
  "pins" : [
    {
      "identity" : "grdb.swift",
      "kind" : "remoteSourceControl",
      "location" : "https://github.com/groue/GRDB.swift.git",
      "state" : {
        "branch" : "master",
        "revision" : "36e30a6f1ef10e4194f6af0cff90888526f0c115"
      }
    },
    {
      "identity" : "maplibre-gl-native-distribution",
      "kind" : "remoteSourceControl",
      "location" : "https://github.com/maplibre/maplibre-gl-native-distribution",
      "state" : {
        "revision" : "5d121591b60e837413391814ed88deca2aa7c1d8",
        "version" : "6.24.0"
      }
    }
  ],
  "version" : 3
}
