// !$*UTF8*$!
{
	archiveVersion = 1;
	classes = {
	};
	objectVersion = 77;
	objects = {

/* Begin PBXBuildFile section */
		020ACF672F6E43C1002C5C1B /* MapLibre in Frameworks */ = {isa = PBXBuildFile; productRef = 020ACF662F6E43C1002C5C1B /* MapLibre */; };
		0238E1893032657B001F3B1F /* (null) in Frameworks */ = {isa = PBXBuildFile; };
		0238E18A3032657B001F3B1F /* SQLCipher in Frameworks */ = {isa = PBXBuildFile; productRef = 0265CA152FAFE4000077046A /* SQLCipher */; };
		0265CA132FAFE3FF0077046A /* GRDB in Frameworks */ = {isa = PBXBuildFile; productRef = 0265CA122FAFE3FF0077046A /* GRDB */; };
		0265CA162FAFE4000077046A /* SQLCipher in Frameworks */ = {isa = PBXBuildFile; productRef = 0265CA152FAFE4000077046A /* SQLCipher */; };
/* End PBXBuildFile section */

/* Begin PBXContainerItemProxy section */
		020D21EC2FC2B58F00101B1B /* PBXContainerItemProxy */ = {
			isa = PBXContainerItemProxy;
			containerPortal = 020ACF1E2F6C9E66002C5C1B /* Project object */;
			proxyType = 1;
			remoteGlobalIDString = 020ACF252F6C9E66002C5C1B;
			remoteInfo = Sillage;
		};
/* End PBXContainerItemProxy section */

/* Begin PBXFileReference section */
		020ACF262F6C9E66002C5C1B /* Alcyone Sillage.app */ = {isa = PBXFileReference; explicitFileType = wrapper.application; includeInIndex = 0; path = "Alcyone Sillage.app"; sourceTree = BUILT_PRODUCTS_DIR; };
		020ACFC02F6F699B002C5C1B /* LaRochelle_Test.gpx */ = {isa = PBXFileReference; lastKnownFileType = text.xml; path = LaRochelle_Test.gpx; sourceTree = "<group>"; };
		020D21E82FC2B58F00101B1B /* SillageTests.xctest */ = {isa = PBXFileReference; explicitFileType = wrapper.cfbundle; includeInIndex = 0; path = SillageTests.xctest; sourceTree = BUILT_PRODUCTS_DIR; };
		1D1F25430CE99BC84D383856 /* Secrets.xcconfig */ = {isa = PBXFileReference; includeInIndex = 1; lastKnownFileType = text.xcconfig; path = Secrets.xcconfig; sourceTree = "<group>"; };
/* End PBXFileReference section */

/* Begin PBXFileSystemSynchronizedBuildFileExceptionSet section */
		0229A83D2F82CD2400A37C2B /* Exceptions for "Sillage" folder in "Alcyone Sillage" target */ = {
			isa = PBXFileSystemSynchronizedBuildFileExceptionSet;
			membershipExceptions = (
				Info.plist,
			);
			target = 020ACF252F6C9E66002C5C1B /* Alcyone Sillage */;
		};
/* End PBXFileSystemSynchronizedBuildFileExceptionSet section */

/* Begin PBXFileSystemSynchronizedRootGroup section */
		020ACF282F6C9E66002C5C1B /* Sillage */ = {
			isa = PBXFileSystemSynchronizedRootGroup;
			exceptions = (
				0229A83D2F82CD2400A37C2B /* Exceptions for "Sillage" folder in "Alcyone Sillage" target */,
			);
			path = Sillage;
			sourceTree = "<group>";
		};
		020D21E92FC2B58F00101B1B /* SillageTests */ = {
			isa = PBXFileSystemSynchronizedRootGroup;
			path = SillageTests;
			sourceTree = "<group>";
		};
/* End PBXFileSystemSynchronizedRootGroup section */

/* Begin PBXFrameworksBuildPhase section */
		020ACF232F6C9E66002C5C1B /* Frameworks */ = {
			isa = PBXFrameworksBuildPhase;
			buildActionMask = 2147483647;
			files = (
				020ACF672F6E43C1002C5C1B /* MapLibre in Frameworks */,
				0265CA132FAFE3FF0077046A /* GRDB in Frameworks */,
				0265CA162FAFE4000077046A /* SQLCipher in Frameworks */,
			);
			runOnlyForDeploymentPostprocessing = 0;
		};
		020D21E52FC2B58F00101B1B /* Frameworks */ = {
			isa = PBXFrameworksBuildPhase;
			buildActionMask = 2147483647;
			files = (
				0238E18A3032657B001F3B1F /* SQLCipher in Frameworks */,
				0238E1893032657B001F3B1F /* (null) in Frameworks */,
			);
			runOnlyForDeploymentPostprocessing = 0;
		};
/* End PBXFrameworksBuildPhase section */

/* Begin PBXGroup section */
		020ACF1D2F6C9E66002C5C1B = {
			isa = PBXGroup;
			children = (
				020ACFC02F6F699B002C5C1B /* LaRochelle_Test.gpx */,
				020ACF282F6C9E66002C5C1B /* Sillage */,
				020D21E92FC2B58F00101B1B /* SillageTests */,
				020ACF272F6C9E66002C5C1B /* Products */,
				1D1F25430CE99BC84D383856 /* Secrets.xcconfig */,
				0265CA112FAFE3FF0077046A /* Frameworks */,
			);
			sourceTree = "<group>";
		};
		020ACF272F6C9E66002C5C1B /* Products */ = {
			isa = PBXGroup;
			children = (
				020ACF262F6C9E66002C5C1B /* Alcyone Sillage.app */,
				020D21E82FC2B58F00101B1B /* SillageTests.xctest */,
			);
			name = Products;
			sourceTree = "<group>";
		};
		0265CA112FAFE3FF0077046A /* Frameworks */ = {
			isa = PBXGroup;
			children = (
			);
			name = Frameworks;
			sourceTree = "<group>";
		};
/* End PBXGroup section */

/* Begin PBXNativeTarget section */
		020ACF252F6C9E66002C5C1B /* Alcyone Sillage */ = {
			isa = PBXNativeTarget;
			buildConfigurationList = 020ACF312F6C9E67002C5C1B /* Build configuration list for PBXNativeTarget "Alcyone Sillage" */;
			buildPhases = (
				020ACF222F6C9E66002C5C1B /* Sources */,
				020ACF232F6C9E66002C5C1B /* Frameworks */,
				020ACF242F6C9E66002C5C1B /* Resources */,
				020D20D92FC0D42900101B1B /* Run Script */,
			);
			buildRules = (
			);
			dependencies = (
			);
			fileSystemSynchronizedGroups = (
				020ACF282F6C9E66002C5C1B /* Sillage */,
			);
			name = "Alcyone Sillage";
			packageProductDependencies = (
				020ACF662F6E43C1002C5C1B /* MapLibre */,
				0265CA122FAFE3FF0077046A /* GRDB */,
				0265CA152FAFE4000077046A /* SQLCipher */,
			);
			productName = Sillage;
			productReference = 020ACF262F6C9E66002C5C1B /* Alcyone Sillage.app */;
			productType = "com.apple.product-type.application";
		};
		020D21E72FC2B58F00101B1B /* SillageTests */ = {
			isa = PBXNativeTarget;
			buildConfigurationList = 020D21EE2FC2B58F00101B1B /* Build configuration list for PBXNativeTarget "SillageTests" */;
			buildPhases = (
				020D21E42FC2B58F00101B1B /* Sources */,
				020D21E52FC2B58F00101B1B /* Frameworks */,
				020D21E62FC2B58F00101B1B /* Resources */,
			);
			buildRules = (
			);
			dependencies = (
				020D21ED2FC2B58F00101B1B /* PBXTargetDependency */,
			);
			fileSystemSynchronizedGroups = (
				020D21E92FC2B58F00101B1B /* SillageTests */,
			);
			name = SillageTests;
			packageProductDependencies = (
				0265CA152FAFE4000077046A /* SQLCipher */,
			);
			productName = SillageTests;
			productReference = 020D21E82FC2B58F00101B1B /* SillageTests.xctest */;
			productType = "com.apple.product-type.bundle.unit-test";
		};
/* End PBXNativeTarget section */

/* Begin PBXProject section */
		020ACF1E2F6C9E66002C5C1B /* Project object */ = {
			isa = PBXProject;
			attributes = {
				BuildIndependentTargetsInParallel = 1;
				LastSwiftUpdateCheck = 2650;
				LastUpgradeCheck = 2650;
				TargetAttributes = {
					020ACF252F6C9E66002C5C1B = {
						CreatedOnToolsVersion = 26.3;
					};
					020D21E72FC2B58F00101B1B = {
						CreatedOnToolsVersion = 26.5;
						TestTargetID = 020ACF252F6C9E66002C5C1B;
					};
				};
			};
			buildConfigurationList = 020ACF212F6C9E66002C5C1B /* Build configuration list for PBXProject "Sillage" */;
			developmentRegion = en;
			hasScannedForEncodings = 0;
			knownRegions = (
				en,
				Base,
			);
			mainGroup = 020ACF1D2F6C9E66002C5C1B;
			minimizedProjectReferenceProxies = 1;
			packageReferences = (
				020ACF652F6E43C1002C5C1B /* XCRemoteSwiftPackageReference "maplibre-gl-native-distribution" */,
				0265CA0A2FAFDFC10077046A /* XCRemoteSwiftPackageReference "GRDB.swift" */,
				020D22002FC3BBF900101B1B /* XCRemoteSwiftPackageReference "swift-clocks" */,
				0265CA142FAFE4000077046A /* XCRemoteSwiftPackageReference "SQLCipher.swift" */,
			);
			preferredProjectObjectVersion = 77;
			productRefGroup = 020ACF272F6C9E66002C5C1B /* Products */;
			projectDirPath = "";
			projectRoot = "";
			targets = (
				020ACF252F6C9E66002C5C1B /* Alcyone Sillage */,
				020D21E72FC2B58F00101B1B /* SillageTests */,
			);
		};
/* End PBXProject section */

/* Begin PBXResourcesBuildPhase section */
		020ACF242F6C9E66002C5C1B /* Resources */ = {
			isa = PBXResourcesBuildPhase;
			buildActionMask = 2147483647;
			files = (
			);
			runOnlyForDeploymentPostprocessing = 0;
		};
		020D21E62FC2B58F00101B1B /* Resources */ = {
			isa = PBXResourcesBuildPhase;
			buildActionMask = 2147483647;
			files = (
			);
			runOnlyForDeploymentPostprocessing = 0;
		};
/* End PBXResourcesBuildPhase section */

/* Begin PBXShellScriptBuildPhase section */
		020D20D92FC0D42900101B1B /* Run Script */ = {
			isa = PBXShellScriptBuildPhase;
			buildActionMask = 2147483647;
			files = (
			);
			inputFileListPaths = (
			);
			inputPaths = (
				"$(SRCROOT)/.git",
			);
			name = "Run Script";
			outputFileListPaths = (
			);
			outputPaths = (
				"${BUILT_PRODUCTS_DIR}/${UNLOCALIZED_RESOURCES_FOLDER_PATH}/GitHash.txt",
			);
			runOnlyForDeploymentPostprocessing = 0;
			shellPath = /bin/sh;
			shellScript = "GIT_SHA=$(git rev-parse --short HEAD)\nDEST_PATH=\"${BUILT_PRODUCTS_DIR}/${UNLOCALIZED_RESOURCES_FOLDER_PATH}/GitHash.txt\"\necho \"$GIT_SHA\" > \"$DEST_PATH\"\necho \"$GIT_SHA > $DEST_PATH\"\n";
		};
/* End PBXShellScriptBuildPhase section */

/* Begin PBXSourcesBuildPhase section */
		020ACF222F6C9E66002C5C1B /* Sources */ = {
			isa = PBXSourcesBuildPhase;
			buildActionMask = 2147483647;
			files = (
			);
			runOnlyForDeploymentPostprocessing = 0;
		};
		020D21E42FC2B58F00101B1B /* Sources */ = {
			isa = PBXSourcesBuildPhase;
			buildActionMask = 2147483647;
			files = (
			);
			runOnlyForDeploymentPostprocessing = 0;
		};
/* End PBXSourcesBuildPhase section */

/* Begin PBXTargetDependency section */
		020D21ED2FC2B58F00101B1B /* PBXTargetDependency */ = {
			isa = PBXTargetDependency;
			target = 020ACF252F6C9E66002C5C1B /* Alcyone Sillage */;
			targetProxy = 020D21EC2FC2B58F00101B1B /* PBXContainerItemProxy */;
		};
/* End PBXTargetDependency section */

/* Begin XCBuildConfiguration section */
		020ACF2F2F6C9E67002C5C1B /* Debug */ = {
			isa = XCBuildConfiguration;
			baseConfigurationReference = 1D1F25430CE99BC84D383856 /* Secrets.xcconfig */;
			buildSettings = {
				ALWAYS_SEARCH_USER_PATHS = NO;
				ASSETCATALOG_COMPILER_GENERATE_SWIFT_ASSET_SYMBOL_EXTENSIONS = YES;
				CLANG_ANALYZER_NONNULL = YES;
				CLANG_ANALYZER_NUMBER_OBJECT_CONVERSION = YES_AGGRESSIVE;
				CLANG_CXX_LANGUAGE_STANDARD = "gnu++20";
				CLANG_ENABLE_MODULES = YES;
				CLANG_ENABLE_OBJC_ARC = YES;
				CLANG_ENABLE_OBJC_WEAK = YES;
				CLANG_WARN_BLOCK_CAPTURE_AUTORELEASING = YES;
				CLANG_WARN_BOOL_CONVERSION = YES;
				CLANG_WARN_COMMA = YES;
				CLANG_WARN_CONSTANT_CONVERSION = YES;
				CLANG_WARN_DEPRECATED_OBJC_IMPLEMENTATIONS = YES;
				CLANG_WARN_DIRECT_OBJC_ISA_USAGE = YES_ERROR;
				CLANG_WARN_DOCUMENTATION_COMMENTS = YES;
				CLANG_WARN_EMPTY_BODY = YES;
				CLANG_WARN_ENUM_CONVERSION = YES;
				CLANG_WARN_INFINITE_RECURSION = YES;
				CLANG_WARN_INT_CONVERSION = YES;
				CLANG_WARN_NON_LITERAL_NULL_CONVERSION = YES;
				CLANG_WARN_OBJC_IMPLICIT_RETAIN_SELF = YES;
				CLANG_WARN_OBJC_LITERAL_CONVERSION = YES;
				CLANG_WARN_OBJC_ROOT_CLASS = YES_ERROR;
				CLANG_WARN_QUOTED_INCLUDE_IN_FRAMEWORK_HEADER = YES;
				CLANG_WARN_RANGE_LOOP_ANALYSIS = YES;
				CLANG_WARN_STRICT_PROTOTYPES = YES;
				CLANG_WARN_SUSPICIOUS_MOVE = YES;
				CLANG_WARN_UNGUARDED_AVAILABILITY = YES_AGGRESSIVE;
				CLANG_WARN_UNREACHABLE_CODE = YES;
				CLANG_WARN__DUPLICATE_METHOD_MATCH = YES;
				COPY_PHASE_STRIP = NO;
				DEBUG_INFORMATION_FORMAT = dwarf;
				DEVELOPMENT_TEAM = 2XJ35D8M93;
				ENABLE_STRICT_OBJC_MSGSEND = YES;
				ENABLE_TESTABILITY = YES;
				ENABLE_USER_SCRIPT_SANDBOXING = YES;
				GCC_C_LANGUAGE_STANDARD = gnu17;
				GCC_DYNAMIC_NO_PIC = NO;
				GCC_NO_COMMON_BLOCKS = YES;
				GCC_OPTIMIZATION_LEVEL = 0;
				GCC_PREPROCESSOR_DEFINITIONS = (
					"DEBUG=1",
					"SQLITE_HAS_CODEC=1",
					"$(inherited)",
				);
				GCC_WARN_64_TO_32_BIT_CONVERSION = YES;
				GCC_WARN_ABOUT_RETURN_TYPE = YES_ERROR;
				GCC_WARN_UNDECLARED_SELECTOR = YES;
				GCC_WARN_UNINITIALIZED_AUTOS = YES_AGGRESSIVE;
				GCC_WARN_UNUSED_FUNCTION = YES;
				GCC_WARN_UNUSED_VARIABLE = YES;
				IPHONEOS_DEPLOYMENT_TARGET = 18.6;
				LOCALIZATION_PREFERS_STRING_CATALOGS = YES;
				MTL_ENABLE_DEBUG_INFO = INCLUDE_SOURCE;
				MTL_FAST_MATH = YES;
				ONLY_ACTIVE_ARCH = YES;
				OTHER_CFLAGS = (
					"$(inherited)",
					"-DSQLITE_HAS_CODEC",
				);
				OTHER_SWIFT_FLAGS = "$(inherited) -DSQLITE_HAS_CODEC";
				SDKROOT = iphoneos;
				STRING_CATALOG_GENERATE_SYMBOLS = YES;
				SWIFT_ACTIVE_COMPILATION_CONDITIONS = "DEBUG $(inherited)";
				SWIFT_OPTIMIZATION_LEVEL = "-Onone";
				TARGETED_DEVICE_FAMILY = "1,2";
			};
			name = Debug;
		};
		020ACF302F6C9E67002C5C1B /* Release */ = {
			isa = XCBuildConfiguration;
			baseConfigurationReference = 1D1F25430CE99BC84D383856 /* Secrets.xcconfig */;
			buildSettings = {
				ALWAYS_SEARCH_USER_PATHS = NO;
				ASSETCATALOG_COMPILER_GENERATE_SWIFT_ASSET_SYMBOL_EXTENSIONS = YES;
				CLANG_ANALYZER_NONNULL = YES;
				CLANG_ANALYZER_NUMBER_OBJECT_CONVERSION = YES_AGGRESSIVE;
				CLANG_CXX_LANGUAGE_STANDARD = "gnu++20";
				CLANG_ENABLE_MODULES = YES;
				CLANG_ENABLE_OBJC_ARC = YES;
				CLANG_ENABLE_OBJC_WEAK = YES;
				CLANG_WARN_BLOCK_CAPTURE_AUTORELEASING = YES;
				CLANG_WARN_BOOL_CONVERSION = YES;
				CLANG_WARN_COMMA = YES;
				CLANG_WARN_CONSTANT_CONVERSION = YES;
				CLANG_WARN_DEPRECATED_OBJC_IMPLEMENTATIONS = YES;
				CLANG_WARN_DIRECT_OBJC_ISA_USAGE = YES_ERROR;
				CLANG_WARN_DOCUMENTATION_COMMENTS = YES;
				CLANG_WARN_EMPTY_BODY = YES;
				CLANG_WARN_ENUM_CONVERSION = YES;
				CLANG_WARN_INFINITE_RECURSION = YES;
				CLANG_WARN_INT_CONVERSION = YES;
				CLANG_WARN_NON_LITERAL_NULL_CONVERSION = YES;
				CLANG_WARN_OBJC_IMPLICIT_RETAIN_SELF = YES;
				CLANG_WARN_OBJC_LITERAL_CONVERSION = YES;
				CLANG_WARN_OBJC_ROOT_CLASS = YES_ERROR;
				CLANG_WARN_QUOTED_INCLUDE_IN_FRAMEWORK_HEADER = YES;
				CLANG_WARN_RANGE_LOOP_ANALYSIS = YES;
				CLANG_WARN_STRICT_PROTOTYPES = YES;
				CLANG_WARN_SUSPICIOUS_MOVE = YES;
				CLANG_WARN_UNGUARDED_AVAILABILITY = YES_AGGRESSIVE;
				CLANG_WARN_UNREACHABLE_CODE = YES;
				CLANG_WARN__DUPLICATE_METHOD_MATCH = YES;
				COPY_PHASE_STRIP = NO;
				DEBUG_INFORMATION_FORMAT = "dwarf-with-dsym";
				DEVELOPMENT_TEAM = 2XJ35D8M93;
				ENABLE_NS_ASSERTIONS = NO;
				ENABLE_STRICT_OBJC_MSGSEND = YES;
				ENABLE_USER_SCRIPT_SANDBOXING = YES;
				GCC_C_LANGUAGE_STANDARD = gnu17;
				GCC_NO_COMMON_BLOCKS = YES;
				GCC_PREPROCESSOR_DEFINITIONS = (
					"SQLITE_HAS_CODEC=1",
					"$(inherited)",
				);
				GCC_WARN_64_TO_32_BIT_CONVERSION = YES;
				GCC_WARN_ABOUT_RETURN_TYPE = YES_ERROR;
				GCC_WARN_UNDECLARED_SELECTOR = YES;
				GCC_WARN_UNINITIALIZED_AUTOS = YES_AGGRESSIVE;
				GCC_WARN_UNUSED_FUNCTION = YES;
				GCC_WARN_UNUSED_VARIABLE = YES;
				IPHONEOS_DEPLOYMENT_TARGET = 18.6;
				LOCALIZATION_PREFERS_STRING_CATALOGS = YES;
				MTL_ENABLE_DEBUG_INFO = NO;
				MTL_FAST_MATH = YES;
				OTHER_CFLAGS = (
					"$(inherited)",
					"-DSQLITE_HAS_CODEC",
				);
				OTHER_SWIFT_FLAGS = "$(inherited) -DSQLITE_HAS_CODEC";
				SDKROOT = iphoneos;
				STRING_CATALOG_GENERATE_SYMBOLS = YES;
				SWIFT_COMPILATION_MODE = wholemodule;
				TARGETED_DEVICE_FAMILY = "1,2";
				VALIDATE_PRODUCT = YES;
			};
			name = Release;
		};
		020ACF322F6C9E67002C5C1B /* Debug */ = {
			isa = XCBuildConfiguration;
			baseConfigurationReference = 1D1F25430CE99BC84D383856 /* Secrets.xcconfig */;
			buildSettings = {
				ASSETCATALOG_COMPILER_APPICON_NAME = AppIcon;
				ASSETCATALOG_COMPILER_GLOBAL_ACCENT_COLOR_NAME = AccentColor;
				CODE_SIGN_STYLE = Automatic;
				CURRENT_PROJECT_VERSION = 1;
				ENABLE_PREVIEWS = YES;
				ENABLE_USER_SCRIPT_SANDBOXING = NO;
				GCC_PREPROCESSOR_DEFINITIONS = (
					"SQLITE_HAS_CODEC=1",
					"$(inherited)",
				);
				GENERATE_INFOPLIST_FILE = YES;
				INFOPLIST_FILE = Sillage/Info.plist;
				INFOPLIST_KEY_CFBundleDisplayName = Sillage;
				INFOPLIST_KEY_LSApplicationCategoryType = "public.app-category.navigation";
				INFOPLIST_KEY_LSSupportsOpeningDocumentsInPlace = YES;
				INFOPLIST_KEY_NSLocationAlwaysAndWhenInUseUsageDescription = "Sillage requires your background location to record your GPS track and maintain navigation alarms while the screen is off.";
				INFOPLIST_KEY_NSLocationWhenInUseUsageDescription = "Sillage requires your location to display your vessel on the chart in real-time.";
				INFOPLIST_KEY_UIApplicationSupportsIndirectInputEvents = YES;
				INFOPLIST_KEY_UILaunchScreen_Generation = YES;
				INFOPLIST_KEY_UISupportedInterfaceOrientations_iPad = "UIInterfaceOrientationPortrait UIInterfaceOrientationPortraitUpsideDown UIInterfaceOrientationLandscapeLeft UIInterfaceOrientationLandscapeRight";
				INFOPLIST_KEY_UISupportedInterfaceOrientations_iPhone = UIInterfaceOrientationPortrait;
				LD_RUNPATH_SEARCH_PATHS = (
					"$(inherited)",
					"@executable_path/Frameworks",
				);
				MARKETING_VERSION = 1.0;
				OTHER_CFLAGS = (
					"$(inherited)",
					"-DSQLITE_HAS_CODEC",
				);
				OTHER_SWIFT_FLAGS = "$(inherited) -DSQLITE_HAS_CODEC";
				PRODUCT_BUNDLE_IDENTIFIER = "com.alcyone-sillage.app";
				PRODUCT_NAME = "$(TARGET_NAME)";
				STRING_CATALOG_GENERATE_SYMBOLS = YES;
				SUPPORTED_PLATFORMS = "iphoneos iphonesimulator";
				SUPPORTS_MACCATALYST = NO;
				SUPPORTS_XR_DESIGNED_FOR_IPHONE_IPAD = NO;
				SWIFT_APPROACHABLE_CONCURRENCY = YES;
				SWIFT_DEFAULT_ACTOR_ISOLATION = MainActor;
				SWIFT_EMIT_LOC_STRINGS = YES;
				SWIFT_UPCOMING_FEATURE_MEMBER_IMPORT_VISIBILITY = YES;
				SWIFT_VERSION = 5.0;
			};
			name = Debug;
		};
		020ACF332F6C9E67002C5C1B /* Release */ = {
			isa = XCBuildConfiguration;
			baseConfigurationReference = 1D1F25430CE99BC84D383856 /* Secrets.xcconfig */;
			buildSettings = {
				ASSETCATALOG_COMPILER_APPICON_NAME = AppIcon;
				ASSETCATALOG_COMPILER_GLOBAL_ACCENT_COLOR_NAME = AccentColor;
				CODE_SIGN_STYLE = Automatic;
				CURRENT_PROJECT_VERSION = 1;
				ENABLE_PREVIEWS = YES;
				ENABLE_USER_SCRIPT_SANDBOXING = NO;
				GCC_PREPROCESSOR_DEFINITIONS = (
					"SQLITE_HAS_CODEC=1",
					"$(inherited)",
				);
				GENERATE_INFOPLIST_FILE = YES;
				INFOPLIST_FILE = Sillage/Info.plist;
				INFOPLIST_KEY_CFBundleDisplayName = Sillage;
				INFOPLIST_KEY_LSApplicationCategoryType = "public.app-category.navigation";
				INFOPLIST_KEY_LSSupportsOpeningDocumentsInPlace = YES;
				INFOPLIST_KEY_NSLocationAlwaysAndWhenInUseUsageDescription = "Sillage requires your background location to record your GPS track and maintain navigation alarms while the screen is off.";
				INFOPLIST_KEY_NSLocationWhenInUseUsageDescription = "Sillage requires your location to display your vessel on the chart in real-time.";
				INFOPLIST_KEY_UIApplicationSupportsIndirectInputEvents = YES;
				INFOPLIST_KEY_UILaunchScreen_Generation = YES;
				INFOPLIST_KEY_UISupportedInterfaceOrientations_iPad = "UIInterfaceOrientationPortrait UIInterfaceOrientationPortraitUpsideDown UIInterfaceOrientationLandscapeLeft UIInterfaceOrientationLandscapeRight";
				INFOPLIST_KEY_UISupportedInterfaceOrientations_iPhone = UIInterfaceOrientationPortrait;
				LD_RUNPATH_SEARCH_PATHS = (
					"$(inherited)",
					"@executable_path/Frameworks",
				);
				MARKETING_VERSION = 1.0;
				OTHER_CFLAGS = (
					"$(inherited)",
					"-DSQLITE_HAS_CODEC",
				);
				OTHER_SWIFT_FLAGS = "$(inherited) -DSQLITE_HAS_CODEC";
				PRODUCT_BUNDLE_IDENTIFIER = "com.alcyone-sillage.sillage";
				PRODUCT_NAME = "$(TARGET_NAME)";
				STRING_CATALOG_GENERATE_SYMBOLS = YES;
				SUPPORTED_PLATFORMS = "iphoneos iphonesimulator";
				SUPPORTS_MACCATALYST = NO;
				SUPPORTS_XR_DESIGNED_FOR_IPHONE_IPAD = NO;
				SWIFT_APPROACHABLE_CONCURRENCY = YES;
				SWIFT_DEFAULT_ACTOR_ISOLATION = MainActor;
				SWIFT_EMIT_LOC_STRINGS = YES;
				SWIFT_UPCOMING_FEATURE_MEMBER_IMPORT_VISIBILITY = YES;
				SWIFT_VERSION = 5.0;
			};
			name = Release;
		};
		020D21EF2FC2B58F00101B1B /* Debug */ = {
			isa = XCBuildConfiguration;
			buildSettings = {
				BUNDLE_LOADER = "$(TEST_HOST)";
				CODE_SIGN_STYLE = Automatic;
				CURRENT_PROJECT_VERSION = 1;
				DEVELOPMENT_TEAM = 2XJ35D8M93;
				GCC_PREPROCESSOR_DEFINITIONS = (
					"SQLITE_HAS_CODEC=1",
					"$(inherited)",
				);
				GENERATE_INFOPLIST_FILE = YES;
				MARKETING_VERSION = 1.0;
				OTHER_CFLAGS = (
					"$(inherited)",
					"-DSQLITE_HAS_CODEC",
				);
				OTHER_SWIFT_FLAGS = "$(inherited) -DSQLITE_HAS_CODEC";
				PRODUCT_BUNDLE_IDENTIFIER = jeromelebel.SillageTests;
				PRODUCT_NAME = "$(TARGET_NAME)";
				STRING_CATALOG_GENERATE_SYMBOLS = NO;
				SWIFT_APPROACHABLE_CONCURRENCY = YES;
				SWIFT_EMIT_LOC_STRINGS = NO;
				SWIFT_UPCOMING_FEATURE_MEMBER_IMPORT_VISIBILITY = YES;
				SWIFT_VERSION = 5.0;
				TEST_HOST = "$(BUILT_PRODUCTS_DIR)/Sillage.app/$(BUNDLE_EXECUTABLE_FOLDER_PATH)/Sillage";
			};
			name = Debug;
		};
		020D21F02FC2B58F00101B1B /* Release */ = {
			isa = XCBuildConfiguration;
			buildSettings = {
				BUNDLE_LOADER = "$(TEST_HOST)";
				CODE_SIGN_STYLE = Automatic;
				CURRENT_PROJECT_VERSION = 1;
				DEVELOPMENT_TEAM = 2XJ35D8M93;
				GCC_PREPROCESSOR_DEFINITIONS = (
					"SQLITE_HAS_CODEC=1",
					"$(inherited)",
				);
				GENERATE_INFOPLIST_FILE = YES;
				MARKETING_VERSION = 1.0;
				OTHER_CFLAGS = (
					"$(inherited)",
					"-DSQLITE_HAS_CODEC",
				);
				OTHER_SWIFT_FLAGS = "$(inherited) -DSQLITE_HAS_CODEC";
				PRODUCT_BUNDLE_IDENTIFIER = jeromelebel.SillageTests;
				PRODUCT_NAME = "$(TARGET_NAME)";
				STRING_CATALOG_GENERATE_SYMBOLS = NO;
				SWIFT_APPROACHABLE_CONCURRENCY = YES;
				SWIFT_EMIT_LOC_STRINGS = NO;
				SWIFT_UPCOMING_FEATURE_MEMBER_IMPORT_VISIBILITY = YES;
				SWIFT_VERSION = 5.0;
				TEST_HOST = "$(BUILT_PRODUCTS_DIR)/Sillage.app/$(BUNDLE_EXECUTABLE_FOLDER_PATH)/Sillage";
			};
			name = Release;
		};
/* End XCBuildConfiguration section */

/* Begin XCConfigurationList section */
		020ACF212F6C9E66002C5C1B /* Build configuration list for PBXProject "Sillage" */ = {
			isa = XCConfigurationList;
			buildConfigurations = (
				020ACF2F2F6C9E67002C5C1B /* Debug */,
				020ACF302F6C9E67002C5C1B /* Release */,
			);
			defaultConfigurationIsVisible = 0;
			defaultConfigurationName = Debug;
		};
		020ACF312F6C9E67002C5C1B /* Build configuration list for PBXNativeTarget "Alcyone Sillage" */ = {
			isa = XCConfigurationList;
			buildConfigurations = (
				020ACF322F6C9E67002C5C1B /* Debug */,
				020ACF332F6C9E67002C5C1B /* Release */,
			);
			defaultConfigurationIsVisible = 0;
			defaultConfigurationName = Debug;
		};
		020D21EE2FC2B58F00101B1B /* Build configuration list for PBXNativeTarget "SillageTests" */ = {
			isa = XCConfigurationList;
			buildConfigurations = (
				020D21EF2FC2B58F00101B1B /* Debug */,
				020D21F02FC2B58F00101B1B /* Release */,
			);
			defaultConfigurationIsVisible = 0;
			defaultConfigurationName = Debug;
		};
/* End XCConfigurationList section */

/* Begin XCRemoteSwiftPackageReference section */
		020ACF652F6E43C1002C5C1B /* XCRemoteSwiftPackageReference "maplibre-gl-native-distribution" */ = {
			isa = XCRemoteSwiftPackageReference;
			repositoryURL = "https://github.com/maplibre/maplibre-gl-native-distribution";
			requirement = {
				kind = upToNextMajorVersion;
				minimumVersion = 6.24.0;
			};
		};
		020D22002FC3BBF900101B1B /* XCRemoteSwiftPackageReference "swift-clocks" */ = {
			isa = XCRemoteSwiftPackageReference;
			repositoryURL = "https://github.com/pointfreeco/swift-clocks";
			requirement = {
				kind = upToNextMajorVersion;
				minimumVersion = 1.0.6;
			};
		};
		0265CA0A2FAFDFC10077046A /* XCRemoteSwiftPackageReference "GRDB.swift" */ = {
			isa = XCRemoteSwiftPackageReference;
			repositoryURL = "https://github.com/groue/GRDB.swift.git";
			requirement = {
				branch = master;
				kind = branch;
			};
		};
		0265CA142FAFE4000077046A /* XCRemoteSwiftPackageReference "SQLCipher.swift" */ = {
			isa = XCRemoteSwiftPackageReference;
			repositoryURL = "https://github.com/sqlcipher/SQLCipher.swift.git";
			requirement = {
				kind = upToNextMajorVersion;
				minimumVersion = 4.10.0;
			};
		};
/* End XCRemoteSwiftPackageReference section */

/* Begin XCSwiftPackageProductDependency section */
		020ACF662F6E43C1002C5C1B /* MapLibre */ = {
			isa = XCSwiftPackageProductDependency;
			package = 020ACF652F6E43C1002C5C1B /* XCRemoteSwiftPackageReference "maplibre-gl-native-distribution" */;
			productName = MapLibre;
		};
		0265CA122FAFE3FF0077046A /* GRDB */ = {
			isa = XCSwiftPackageProductDependency;
			package = 0265CA0A2FAFDFC10077046A /* XCRemoteSwiftPackageReference "GRDB.swift" */;
			productName = GRDB;
		};
		0265CA152FAFE4000077046A /* SQLCipher */ = {
			isa = XCSwiftPackageProductDependency;
			package = 0265CA142FAFE4000077046A /* XCRemoteSwiftPackageReference "SQLCipher.swift" */;
			productName = SQLCipher;
		};
/* End XCSwiftPackageProductDependency section */
	};
	rootObject = 020ACF1E2F6C9E66002C5C1B /* Project object */;
}
